
Microsoft Visual Studio Solution File, Format Version 12.00
# Visual Studio Version 17
VisualStudioVersion = 17.0.31903.59
MinimumVisualStudioVersion = 10.0.40219.1
Project("{FAE04EC0-301F-11D3-BF4B-00C04F79EFBC}") = "aula1", "aula1\aula1.csproj", "{0AB2B07E-6E5F-4355-9435-5BD2B815D0F8}"
EndProject
Project("{FAE04EC0-301F-11D3-BF4B-00C04F79EFBC}") = "trafego.lib", "trafego.lib\trafego.lib.csproj", "{2B4A020E-2CAF-4920-92BE-49B02EA85A46}"
EndProject
Global
	GlobalSection(SolutionConfigurationPlatforms) = preSolution
		Debug|Any CPU = Debug|Any CPU
		Release|Any CPU = Release|Any CPU
	EndGlobalSection
	GlobalSection(SolutionProperties) = preSolution
		HideSolutionNode = FALSE
	EndGlobalSection
	GlobalSection(ProjectConfigurationPlatforms) = postSolution
		{0AB2B07E-6E5F-4355-9435-5BD2B815D0F8}.Debug|Any CPU.ActiveCfg = Debug|Any CPU
		{0AB2B07E-6E5F-4355-9435-5BD2B815D0F8}.Debug|Any CPU.Build.0 = Debug|Any CPU
		{0AB2B07E-6E5F-4355-9435-5BD2B815D0F8}.Release|Any CPU.ActiveCfg = Release|Any CPU
		{0AB2B07E-6E5F-4355-9435-5BD2B815D0F8}.Release|Any CPU.Build.0 = Release|Any CPU
		{2B4A020E-2CAF-4920-92BE-49B02EA85A46}.Debug|Any CPU.ActiveCfg = Debug|Any CPU
		{2B4A020E-2CAF-4920-92BE-49B02EA85A46}.Debug|Any CPU.Build.0 = Debug|Any CPU
		{2B4A020E-2CAF-4920-92BE-49B02EA85A46}.Release|Any CPU.ActiveCfg = Release|Any CPU
		{2B4A020E-2CAF-4920-92BE-49B02EA85A46}.Release|Any CPU.Build.0 = Release|Any CPU
	EndGlobalSection
EndGlobal
